
Microsoft Visual Studio Solution File, Format Version 12.00
# Visual Studio 14
VisualStudioVersion = 14.0.25420.1
MinimumVisualStudioVersion = 10.0.40219.1
Project("{8BC9CEB8-8B4A-11D0-8D11-00A0C91BC942}") = "Strings Rearrangement", "Strings Rearrangement\Strings Rearrangement.vcxproj", "{3824BD50-D214-4B9F-909D-4B978F1E54A7}"
EndProject
Project("{8BC9CEB8-8B4A-11D0-8D11-00A0C91BC942}") = "Sum In Perimeter", "Sum In Perimeter\Sum In Perimeter.vcxproj", "{72E42896-840F-4085-BE69-AB106CBA6CE6}"
EndProject
Project("{2150E333-8FDC-42A3-9474-1A3956D46DE8}") = "Arcade", "Arcade", "{3CB7C81C-F0E5-4ECC-B4EC-26A5AC16A91A}"
EndProject
Project("{2150E333-8FDC-42A3-9474-1A3956D46DE8}") = "Challenges", "Challenges", "{733C2F7B-8A85-4B8C-A0AD-A6239E4F3AA3}"
EndProject
Project("{8BC9CEB8-8B4A-11D0-8D11-00A0C91BC942}") = "Common Character Count", "Common Character Count\Common Character Count.vcxproj", "{008AE489-50EF-42CA-AC60-D186DC32B0D2}"
EndProject
Project("{8BC9CEB8-8B4A-11D0-8D11-00A0C91BC942}") = "Is Lucky", "Is Lucky\Is Lucky.vcxproj", "{33467C25-E6DC-4056-A020-AFD0E311EAB1}"
EndProject
Project("{2150E333-8FDC-42A3-9474-1A3956D46DE8}") = "utils", "utils", "{760C9FB2-2816-417F-BD12-41AA70EEC346}"
	ProjectSection(SolutionItems) = preProject
		eval_t.h = eval_t.h
	EndProjectSection
EndProject
Project("{2150E333-8FDC-42A3-9474-1A3956D46DE8}") = "Bot Fights", "Bot Fights", "{1FE51EB8-5F2F-423B-B702-9A2674071D87}"
EndProject
Project("{2150E333-8FDC-42A3-9474-1A3956D46DE8}") = "CF", "CF", "{8E29949B-1D22-49D1-B0FC-771D0C2338A9}"
EndProject
Project("{8BC9CEB8-8B4A-11D0-8D11-00A0C91BC942}") = "Round 2 CF bot", "Round 2 CF bot\Round 2 CF bot.vcxproj", "{97578547-CC89-4E7C-ADC9-D58F62520512}"
EndProject
Project("{8BC9CEB8-8B4A-11D0-8D11-00A0C91BC942}") = "Round 3 CF bot", "round 3 CF bot\round 3 CF bot.vcxproj", "{9CD8D293-016D-4E7C-841C-DB74C659C942}"
EndProject
Project("{2150E333-8FDC-42A3-9474-1A3956D46DE8}") = "Interview Practice", "Interview Practice", "{8CCCB76D-5D2D-4F7F-ACF3-EB2CE603F632}"
EndProject
Project("{8BC9CEB8-8B4A-11D0-8D11-00A0C91BC942}") = "Sum Of Two", "Sum Of Two\Sum Of Two.vcxproj", "{BE399BA9-4DB2-4BEE-A35C-9947D27818EB}"
EndProject
Project("{8BC9CEB8-8B4A-11D0-8D11-00A0C91BC942}") = "Sort By Height", "Sort By Height\Sort By Height.vcxproj", "{82F1C28F-CAD6-4471-9A84-7060128D2D2F}"
EndProject
Project("{8BC9CEB8-8B4A-11D0-8D11-00A0C91BC942}") = "Reverse Parentheses", "Reverse Parentheses\Reverse Parentheses.vcxproj", "{9F87556A-AA3F-4FFD-A30B-45450916CB3A}"
EndProject
Project("{8BC9CEB8-8B4A-11D0-8D11-00A0C91BC942}") = "Are Similar", "Are Similar\Are Similar.vcxproj", "{55B6E8DF-4887-4E8B-869C-3932548763A4}"
EndProject
Project("{8BC9CEB8-8B4A-11D0-8D11-00A0C91BC942}") = "LineUp", "LineUp\LineUp.vcxproj", "{91FBB407-44A4-45A1-BFF9-48B0C45AC884}"
EndProject
Global
	GlobalSection(SolutionConfigurationPlatforms) = preSolution
		Debug|x64 = Debug|x64
		Debug|x86 = Debug|x86
		Release|x64 = Release|x64
		Release|x86 = Release|x86
	EndGlobalSection
	GlobalSection(ProjectConfigurationPlatforms) = postSolution
		{3824BD50-D214-4B9F-909D-4B978F1E54A7}.Debug|x64.ActiveCfg = Debug|x64
		{3824BD50-D214-4B9F-909D-4B978F1E54A7}.Debug|x64.Build.0 = Debug|x64
		{3824BD50-D214-4B9F-909D-4B978F1E54A7}.Debug|x86.ActiveCfg = Debug|Win32
		{3824BD50-D214-4B9F-909D-4B978F1E54A7}.Debug|x86.Build.0 = Debug|Win32
		{3824BD50-D214-4B9F-909D-4B978F1E54A7}.Release|x64.ActiveCfg = Release|x64
		{3824BD50-D214-4B9F-909D-4B978F1E54A7}.Release|x64.Build.0 = Release|x64
		{3824BD50-D214-4B9F-909D-4B978F1E54A7}.Release|x86.ActiveCfg = Release|Win32
		{3824BD50-D214-4B9F-909D-4B978F1E54A7}.Release|x86.Build.0 = Release|Win32
		{72E42896-840F-4085-BE69-AB106CBA6CE6}.Debug|x64.ActiveCfg = Debug|x64
		{72E42896-840F-4085-BE69-AB106CBA6CE6}.Debug|x64.Build.0 = Debug|x64
		{72E42896-840F-4085-BE69-AB106CBA6CE6}.Debug|x86.ActiveCfg = Debug|Win32
		{72E42896-840F-4085-BE69-AB106CBA6CE6}.Debug|x86.Build.0 = Debug|Win32
		{72E42896-840F-4085-BE69-AB106CBA6CE6}.Release|x64.ActiveCfg = Release|x64
		{72E42896-840F-4085-BE69-AB106CBA6CE6}.Release|x64.Build.0 = Release|x64
		{72E42896-840F-4085-BE69-AB106CBA6CE6}.Release|x86.ActiveCfg = Release|Win32
		{72E42896-840F-4085-BE69-AB106CBA6CE6}.Release|x86.Build.0 = Release|Win32
		{008AE489-50EF-42CA-AC60-D186DC32B0D2}.Debug|x64.ActiveCfg = Debug|x64
		{008AE489-50EF-42CA-AC60-D186DC32B0D2}.Debug|x64.Build.0 = Debug|x64
		{008AE489-50EF-42CA-AC60-D186DC32B0D2}.Debug|x86.ActiveCfg = Debug|Win32
		{008AE489-50EF-42CA-AC60-D186DC32B0D2}.Debug|x86.Build.0 = Debug|Win32
		{008AE489-50EF-42CA-AC60-D186DC32B0D2}.Release|x64.ActiveCfg = Release|x64
		{008AE489-50EF-42CA-AC60-D186DC32B0D2}.Release|x64.Build.0 = Release|x64
		{008AE489-50EF-42CA-AC60-D186DC32B0D2}.Release|x86.ActiveCfg = Release|Win32
		{008AE489-50EF-42CA-AC60-D186DC32B0D2}.Release|x86.Build.0 = Release|Win32
		{33467C25-E6DC-4056-A020-AFD0E311EAB1}.Debug|x64.ActiveCfg = Debug|x64
		{33467C25-E6DC-4056-A020-AFD0E311EAB1}.Debug|x64.Build.0 = Debug|x64
		{33467C25-E6DC-4056-A020-AFD0E311EAB1}.Debug|x86.ActiveCfg = Debug|Win32
		{33467C25-E6DC-4056-A020-AFD0E311EAB1}.Debug|x86.Build.0 = Debug|Win32
		{33467C25-E6DC-4056-A020-AFD0E311EAB1}.Release|x64.ActiveCfg = Release|x64
		{33467C25-E6DC-4056-A020-AFD0E311EAB1}.Release|x64.Build.0 = Release|x64
		{33467C25-E6DC-4056-A020-AFD0E311EAB1}.Release|x86.ActiveCfg = Release|Win32
		{33467C25-E6DC-4056-A020-AFD0E311EAB1}.Release|x86.Build.0 = Release|Win32
		{97578547-CC89-4E7C-ADC9-D58F62520512}.Debug|x64.ActiveCfg = Debug|x64
		{97578547-CC89-4E7C-ADC9-D58F62520512}.Debug|x64.Build.0 = Debug|x64
		{97578547-CC89-4E7C-ADC9-D58F62520512}.Debug|x86.ActiveCfg = Debug|Win32
		{97578547-CC89-4E7C-ADC9-D58F62520512}.Debug|x86.Build.0 = Debug|Win32
		{97578547-CC89-4E7C-ADC9-D58F62520512}.Release|x64.ActiveCfg = Release|x64
		{97578547-CC89-4E7C-ADC9-D58F62520512}.Release|x64.Build.0 = Release|x64
		{97578547-CC89-4E7C-ADC9-D58F62520512}.Release|x86.ActiveCfg = Release|Win32
		{97578547-CC89-4E7C-ADC9-D58F62520512}.Release|x86.Build.0 = Release|Win32
		{9CD8D293-016D-4E7C-841C-DB74C659C942}.Debug|x64.ActiveCfg = Debug|x64
		{9CD8D293-016D-4E7C-841C-DB74C659C942}.Debug|x64.Build.0 = Debug|x64
		{9CD8D293-016D-4E7C-841C-DB74C659C942}.Debug|x86.ActiveCfg = Debug|Win32
		{9CD8D293-016D-4E7C-841C-DB74C659C942}.Debug|x86.Build.0 = Debug|Win32
		{9CD8D293-016D-4E7C-841C-DB74C659C942}.Release|x64.ActiveCfg = Release|x64
		{9CD8D293-016D-4E7C-841C-DB74C659C942}.Release|x64.Build.0 = Release|x64
		{9CD8D293-016D-4E7C-841C-DB74C659C942}.Release|x86.ActiveCfg = Release|Win32
		{9CD8D293-016D-4E7C-841C-DB74C659C942}.Release|x86.Build.0 = Release|Win32
		{BE399BA9-4DB2-4BEE-A35C-9947D27818EB}.Debug|x64.ActiveCfg = Debug|x64
		{BE399BA9-4DB2-4BEE-A35C-9947D27818EB}.Debug|x64.Build.0 = Debug|x64
		{BE399BA9-4DB2-4BEE-A35C-9947D27818EB}.Debug|x86.ActiveCfg = Debug|Win32
		{BE399BA9-4DB2-4BEE-A35C-9947D27818EB}.Debug|x86.Build.0 = Debug|Win32
		{BE399BA9-4DB2-4BEE-A35C-9947D27818EB}.Release|x64.ActiveCfg = Release|x64
		{BE399BA9-4DB2-4BEE-A35C-9947D27818EB}.Release|x64.Build.0 = Release|x64
		{BE399BA9-4DB2-4BEE-A35C-9947D27818EB}.Release|x86.ActiveCfg = Release|Win32
		{BE399BA9-4DB2-4BEE-A35C-9947D27818EB}.Release|x86.Build.0 = Release|Win32
		{82F1C28F-CAD6-4471-9A84-7060128D2D2F}.Debug|x64.ActiveCfg = Debug|x64
		{82F1C28F-CAD6-4471-9A84-7060128D2D2F}.Debug|x64.Build.0 = Debug|x64
		{82F1C28F-CAD6-4471-9A84-7060128D2D2F}.Debug|x86.ActiveCfg = Debug|Win32
		{82F1C28F-CAD6-4471-9A84-7060128D2D2F}.Debug|x86.Build.0 = Debug|Win32
		{82F1C28F-CAD6-4471-9A84-7060128D2D2F}.Release|x64.ActiveCfg = Release|x64
		{82F1C28F-CAD6-4471-9A84-7060128D2D2F}.Release|x64.Build.0 = Release|x64
		{82F1C28F-CAD6-4471-9A84-7060128D2D2F}.Release|x86.ActiveCfg = Release|Win32
		{82F1C28F-CAD6-4471-9A84-7060128D2D2F}.Release|x86.Build.0 = Release|Win32
		{9F87556A-AA3F-4FFD-A30B-45450916CB3A}.Debug|x64.ActiveCfg = Debug|x64
		{9F87556A-AA3F-4FFD-A30B-45450916CB3A}.Debug|x64.Build.0 = Debug|x64
		{9F87556A-AA3F-4FFD-A30B-45450916CB3A}.Debug|x86.ActiveCfg = Debug|Win32
		{9F87556A-AA3F-4FFD-A30B-45450916CB3A}.Debug|x86.Build.0 = Debug|Win32
		{9F87556A-AA3F-4FFD-A30B-45450916CB3A}.Release|x64.ActiveCfg = Release|x64
		{9F87556A-AA3F-4FFD-A30B-45450916CB3A}.Release|x64.Build.0 = Release|x64
		{9F87556A-AA3F-4FFD-A30B-45450916CB3A}.Release|x86.ActiveCfg = Release|Win32
		{9F87556A-AA3F-4FFD-A30B-45450916CB3A}.Release|x86.Build.0 = Release|Win32
		{55B6E8DF-4887-4E8B-869C-3932548763A4}.Debug|x64.ActiveCfg = Debug|x64
		{55B6E8DF-4887-4E8B-869C-3932548763A4}.Debug|x64.Build.0 = Debug|x64
		{55B6E8DF-4887-4E8B-869C-3932548763A4}.Debug|x86.ActiveCfg = Debug|Win32
		{55B6E8DF-4887-4E8B-869C-3932548763A4}.Debug|x86.Build.0 = Debug|Win32
		{55B6E8DF-4887-4E8B-869C-3932548763A4}.Release|x64.ActiveCfg = Release|x64
		{55B6E8DF-4887-4E8B-869C-3932548763A4}.Release|x64.Build.0 = Release|x64
		{55B6E8DF-4887-4E8B-869C-3932548763A4}.Release|x86.ActiveCfg = Release|Win32
		{55B6E8DF-4887-4E8B-869C-3932548763A4}.Release|x86.Build.0 = Release|Win32
		{91FBB407-44A4-45A1-BFF9-48B0C45AC884}.Debug|x64.ActiveCfg = Debug|x64
		{91FBB407-44A4-45A1-BFF9-48B0C45AC884}.Debug|x64.Build.0 = Debug|x64
		{91FBB407-44A4-45A1-BFF9-48B0C45AC884}.Debug|x86.ActiveCfg = Debug|Win32
		{91FBB407-44A4-45A1-BFF9-48B0C45AC884}.Debug|x86.Build.0 = Debug|Win32
		{91FBB407-44A4-45A1-BFF9-48B0C45AC884}.Release|x64.ActiveCfg = Release|x64
		{91FBB407-44A4-45A1-BFF9-48B0C45AC884}.Release|x64.Build.0 = Release|x64
		{91FBB407-44A4-45A1-BFF9-48B0C45AC884}.Release|x86.ActiveCfg = Release|Win32
		{91FBB407-44A4-45A1-BFF9-48B0C45AC884}.Release|x86.Build.0 = Release|Win32
	EndGlobalSection
	GlobalSection(SolutionProperties) = preSolution
		HideSolutionNode = FALSE
	EndGlobalSection
	GlobalSection(NestedProjects) = preSolution
		{3824BD50-D214-4B9F-909D-4B978F1E54A7} = {733C2F7B-8A85-4B8C-A0AD-A6239E4F3AA3}
		{72E42896-840F-4085-BE69-AB106CBA6CE6} = {733C2F7B-8A85-4B8C-A0AD-A6239E4F3AA3}
		{008AE489-50EF-42CA-AC60-D186DC32B0D2} = {3CB7C81C-F0E5-4ECC-B4EC-26A5AC16A91A}
		{33467C25-E6DC-4056-A020-AFD0E311EAB1} = {3CB7C81C-F0E5-4ECC-B4EC-26A5AC16A91A}
		{8E29949B-1D22-49D1-B0FC-771D0C2338A9} = {1FE51EB8-5F2F-423B-B702-9A2674071D87}
		{97578547-CC89-4E7C-ADC9-D58F62520512} = {8E29949B-1D22-49D1-B0FC-771D0C2338A9}
		{9CD8D293-016D-4E7C-841C-DB74C659C942} = {8E29949B-1D22-49D1-B0FC-771D0C2338A9}
		{BE399BA9-4DB2-4BEE-A35C-9947D27818EB} = {8CCCB76D-5D2D-4F7F-ACF3-EB2CE603F632}
		{82F1C28F-CAD6-4471-9A84-7060128D2D2F} = {3CB7C81C-F0E5-4ECC-B4EC-26A5AC16A91A}
		{9F87556A-AA3F-4FFD-A30B-45450916CB3A} = {3CB7C81C-F0E5-4ECC-B4EC-26A5AC16A91A}
		{55B6E8DF-4887-4E8B-869C-3932548763A4} = {3CB7C81C-F0E5-4ECC-B4EC-26A5AC16A91A}
		{91FBB407-44A4-45A1-BFF9-48B0C45AC884} = {3CB7C81C-F0E5-4ECC-B4EC-26A5AC16A91A}
	EndGlobalSection
EndGlobal
